{
  "name": "@types/typed-interact-custom-integration",
  "version": "11.0.0",
  "lockfileVersion": 1,
  "requires": true,
  "dependencies": {
    "@types/node": {
      "version": "6.14.3",
      "resolved": "https://registry.npmjs.org/@types/node/-/node-6.14.3.tgz",
      "integrity": "sha512-V2VrQBCKo4U0rni6tW4AASRDqIO5ZTLDN/Xzrm4mNBr9SGQYZ+7zZJn+hMs89Q8ZCIHzp4aWQPyCpK+rux1YGA==",
      "dev": true
    },
    "typescript": {
      "version": "3.3.3",
      "resolved": "https://registry.npmjs.org/typescript/-/typescript-3.3.3.tgz",
      "integrity": "sha512-Y21Xqe54TBVp+VDSNbuDYdGw0BpoR/Q6wo/+35M8PAU0vipahnyduJWirxxdxjsAkS7hue53x2zp8gz7F05u0A==",
      "dev": true
    }
  }
}
